
Microsoft Visual Studio Solution File, Format Version 12.00
# Visual Studio Version 17
VisualStudioVersion = 17.3.32929.385
MinimumVisualStudioVersion = 10.0.40219.1
Project("{FAE04EC0-301F-11D3-BF4B-00C04F79EFBC}") = "BCSF19A038_ASS01", "BCSF19A038_ASS01\BCSF19A038_ASS01.csproj", "{98264E3E-97E5-4AB3-A9DB-A48C56B4EF03}"
EndProject
Project("{FAE04EC0-301F-11D3-BF4B-00C04F79EFBC}") = "DTO", "DTO\DTO.csproj", "{1AC1C146-FC51-4431-8F7F-BAEFB243727A}"
EndProject
Project("{FAE04EC0-301F-11D3-BF4B-00C04F79EFBC}") = "DAL", "DAL\DAL.csproj", "{6F91A638-EA0E-40C1-9E0D-5ADC52030FE3}"
EndProject
Project("{FAE04EC0-301F-11D3-BF4B-00C04F79EFBC}") = "BLL", "BLL\BLL.csproj", "{C270A1C4-EADC-4D61-9605-3C8EA6EAE2FD}"
EndProject
Project("{FAE04EC0-301F-11D3-BF4B-00C04F79EFBC}") = "PL", "PL\PL.csproj", "{2742D705-CDC9-4847-B89B-7DA971F97300}"
EndProject
Global
	GlobalSection(SolutionConfigurationPlatforms) = preSolution
		Debug|Any CPU = Debug|Any CPU
		Release|Any CPU = Release|Any CPU
	EndGlobalSection
	GlobalSection(ProjectConfigurationPlatforms) = postSolution
		{98264E3E-97E5-4AB3-A9DB-A48C56B4EF03}.Debug|Any CPU.ActiveCfg = Debug|Any CPU
		{98264E3E-97E5-4AB3-A9DB-A48C56B4EF03}.Debug|Any CPU.Build.0 = Debug|Any CPU
		{98264E3E-97E5-4AB3-A9DB-A48C56B4EF03}.Release|Any CPU.ActiveCfg = Release|Any CPU
		{98264E3E-97E5-4AB3-A9DB-A48C56B4EF03}.Release|Any CPU.Build.0 = Release|Any CPU
		{1AC1C146-FC51-4431-8F7F-BAEFB243727A}.Debug|Any CPU.ActiveCfg = Debug|Any CPU
		{1AC1C146-FC51-4431-8F7F-BAEFB243727A}.Debug|Any CPU.Build.0 = Debug|Any CPU
		{1AC1C146-FC51-4431-8F7F-BAEFB243727A}.Release|Any CPU.ActiveCfg = Release|Any CPU
		{1AC1C146-FC51-4431-8F7F-BAEFB243727A}.Release|Any CPU.Build.0 = Release|Any CPU
		{6F91A638-EA0E-40C1-9E0D-5ADC52030FE3}.Debug|Any CPU.ActiveCfg = Debug|Any CPU
		{6F91A638-EA0E-40C1-9E0D-5ADC52030FE3}.Debug|Any CPU.Build.0 = Debug|Any CPU
		{6F91A638-EA0E-40C1-9E0D-5ADC52030FE3}.Release|Any CPU.ActiveCfg = Release|Any CPU
		{6F91A638-EA0E-40C1-9E0D-5ADC52030FE3}.Release|Any CPU.Build.0 = Release|Any CPU
		{C270A1C4-EADC-4D61-9605-3C8EA6EAE2FD}.Debug|Any CPU.ActiveCfg = Debug|Any CPU
		{C270A1C4-EADC-4D61-9605-3C8EA6EAE2FD}.Debug|Any CPU.Build.0 = Debug|Any CPU
		{C270A1C4-EADC-4D61-9605-3C8EA6EAE2FD}.Release|Any CPU.ActiveCfg = Release|Any CPU
		{C270A1C4-EADC-4D61-9605-3C8EA6EAE2FD}.Release|Any CPU.Build.0 = Release|Any CPU
		{2742D705-CDC9-4847-B89B-7DA971F97300}.Debug|Any CPU.ActiveCfg = Debug|Any CPU
		{2742D705-CDC9-4847-B89B-7DA971F97300}.Debug|Any CPU.Build.0 = Debug|Any CPU
		{2742D705-CDC9-4847-B89B-7DA971F97300}.Release|Any CPU.ActiveCfg = Release|Any CPU
		{2742D705-CDC9-4847-B89B-7DA971F97300}.Release|Any CPU.Build.0 = Release|Any CPU
	EndGlobalSection
	GlobalSection(SolutionProperties) = preSolution
		HideSolutionNode = FALSE
	EndGlobalSection
	GlobalSection(ExtensibilityGlobals) = postSolution
		SolutionGuid = {E26AD8FD-7446-4DB9-90CE-F64DBEBFD2F1}
	EndGlobalSection
EndGlobal
